
Microsoft Visual Studio Solution File, Format Version 12.00
# Visual Studio Version 16
VisualStudioVersion = 16.0.31624.102
MinimumVisualStudioVersion = 10.0.40219.1
Project("{FAE04EC0-301F-11D3-BF4B-00C04F79EFBC}") = "Assignment 2", "Assignment 2.csproj", "{8341D43F-C7EF-4B2B-83AB-9CF58A9A303E}"
EndProject
Global
	GlobalSection(SolutionConfigurationPlatforms) = preSolution
		Debug|Any CPU = Debug|Any CPU
		Release|Any CPU = Release|Any CPU
	EndGlobalSection
	GlobalSection(ProjectConfigurationPlatforms) = postSolution
		{8341D43F-C7EF-4B2B-83AB-9CF58A9A303E}.Debug|Any CPU.ActiveCfg = Debug|Any CPU
		{8341D43F-C7EF-4B2B-83AB-9CF58A9A303E}.Debug|Any CPU.Build.0 = Debug|Any CPU
		{8341D43F-C7EF-4B2B-83AB-9CF58A9A303E}.Release|Any CPU.ActiveCfg = Release|Any CPU
		{8341D43F-C7EF-4B2B-83AB-9CF58A9A303E}.Release|Any CPU.Build.0 = Release|Any CPU
	EndGlobalSection
	GlobalSection(SolutionProperties) = preSolution
		HideSolutionNode = FALSE
	EndGlobalSection
	GlobalSection(ExtensibilityGlobals) = postSolution
		SolutionGuid = {DB1DC27D-9C4A-4B79-99B2-A29B9C93A960}
	EndGlobalSection
EndGlobal
